{
  "nodes": {
    "nixpkgs": {
      "locked": {
        "lastModified": 1743813633,
        "narHash": "sha256-BgkBz4NpV6Kg8XF7cmHDHRVGZYnKbvG0Y4p+jElwxaM=",
        "owner": "NixOS",
        "repo": "nixpkgs",
        "rev": "7819a0d29d1dd2bc331bec4b327f0776359b1fa6",
        "type": "github"
      },
      "original": {
        "owner": "NixOS",
        "ref": "nixos-24.11",
        "repo": "nixpkgs",
        "type": "github"
      }
    },
    "root": {
      "inputs": {
        "nixpkgs": "nixpkgs",
        "selfup": "selfup"
      }
    },
    "selfup": {
      "inputs": {
        "nixpkgs": [
          "nixpkgs"
        ]
      },
      "locked": {
        "lastModified": 1733754336,
        "narHash": "sha256-Sy4LfPXqa2CKnySCFTLMwU5mSKxKOdeC52Yjoomcbvs=",
        "owner": "kachick",
        "repo": "selfup",
        "rev": "ecb158813e7ade0a2e9b88b186460d052a906f20",
        "type": "github"
      },
      "original": {
        "owner": "kachick",
        "ref": "v1.1.8",
        "repo": "selfup",
        "type": "github"
      }
    }
  },
  "root": "root",
  "version": 7
}
